// !$*UTF8*$!
{
	archiveVersion = 1;
	classes = {
	};
	objectVersion = 56;
	objects = {

/* Begin PBXBuildFile section */
		B4D49C332A2BF07E00536628 /* Assets.xcassets in Resources */ = {isa = PBXBuildFile; fileRef = B4D49C322A2BF07E00536628 /* Assets.xcassets */; };
		B4D49C372A2BF07E00536628 /* Preview Assets.xcassets in Resources */ = {isa = PBXBuildFile; fileRef = B4D49C362A2BF07E00536628 /* Preview Assets.xcassets */; };
		B4D49C4A2A2BF4C000536628 /* splineApp.swift in Sources */ = {isa = PBXBuildFile; fileRef = B4D49C492A2BF4C000536628 /* splineApp.swift */; };
		B4D49C4E2A2BF52500536628 /* DataIn.swift in Sources */ = {isa = PBXBuildFile; fileRef = B4D49C4C2A2BF52500536628 /* DataIn.swift */; };
		B4D49C4F2A2BF52500536628 /* DataProvider.swift in Sources */ = {isa = PBXBuildFile; fileRef = B4D49C4D2A2BF52500536628 /* DataProvider.swift */; };
		B4D49C532A2BF52A00536628 /* Compairing.swift in Sources */ = {isa = PBXBuildFile; fileRef = B4D49C522A2BF52A00536628 /* Compairing.swift */; };
		B4D49C542A2BF52A00536628 /* Calculator.swift in Sources */ = {isa = PBXBuildFile; fileRef = B4D49C512A2BF52A00536628 /* Calculator.swift */; };
		B4D49C552A2BF52A00536628 /* Interpolate.swift in Sources */ = {isa = PBXBuildFile; fileRef = B4D49C502A2BF52A00536628 /* Interpolate.swift */; };
		B4D49C5A2A2BF53400536628 /* DecodableKey.swift in Sources */ = {isa = PBXBuildFile; fileRef = B4D49C592A2BF53400536628 /* DecodableKey.swift */; };
		B4D49C5B2A2BF53400536628 /* Utils.swift in Sources */ = {isa = PBXBuildFile; fileRef = B4D49C572A2BF53400536628 /* Utils.swift */; };
		B4D49C5C2A2BF53400536628 /* DecodableIgnore.swift in Sources */ = {isa = PBXBuildFile; fileRef = B4D49C582A2BF53400536628 /* DecodableIgnore.swift */; };
		B4D49C662A2BF54000536628 /* DataView.swift in Sources */ = {isa = PBXBuildFile; fileRef = B4D49C5D2A2BF54000536628 /* DataView.swift */; };
		B4D49C672A2BF54000536628 /* DataEditor.swift in Sources */ = {isa = PBXBuildFile; fileRef = B4D49C5E2A2BF54000536628 /* DataEditor.swift */; };
		B4D49C682A2BF54000536628 /* PairXYRow.swift in Sources */ = {isa = PBXBuildFile; fileRef = B4D49C622A2BF54000536628 /* PairXYRow.swift */; };
		B4D49C692A2BF54000536628 /* ContentView.swift in Sources */ = {isa = PBXBuildFile; fileRef = B4D49C632A2BF54000536628 /* ContentView.swift */; };
		B4D49C6A2A2BF54000536628 /* ChartView.swift in Sources */ = {isa = PBXBuildFile; fileRef = B4D49C602A2BF54000536628 /* ChartView.swift */; };
		B4D49C6B2A2BF54000536628 /* DynamicStack.swift in Sources */ = {isa = PBXBuildFile; fileRef = B4D49C5F2A2BF54000536628 /* DynamicStack.swift */; };
		B4D49C6C2A2BF54000536628 /* DataRow.swift in Sources */ = {isa = PBXBuildFile; fileRef = B4D49C642A2BF54000536628 /* DataRow.swift */; };
		B4D49C6D2A2BF54000536628 /* AboutApp.swift in Sources */ = {isa = PBXBuildFile; fileRef = B4D49C652A2BF54000536628 /* AboutApp.swift */; };
		B4D49C6E2A2BF54000536628 /* MoreInfoView.swift in Sources */ = {isa = PBXBuildFile; fileRef = B4D49C612A2BF54000536628 /* MoreInfoView.swift */; };
/* End PBXBuildFile section */

/* Begin PBXFileReference section */
		B4073BF52AB4A66F00570F64 /* README.md */ = {isa = PBXFileReference; lastKnownFileType = net.daringfireball.markdown; path = README.md; sourceTree = "<group>"; };
		B4D49C2B2A2BF07D00536628 /* spline.app */ = {isa = PBXFileReference; explicitFileType = wrapper.application; includeInIndex = 0; path = spline.app; sourceTree = BUILT_PRODUCTS_DIR; };
		B4D49C322A2BF07E00536628 /* Assets.xcassets */ = {isa = PBXFileReference; lastKnownFileType = folder.assetcatalog; path = Assets.xcassets; sourceTree = "<group>"; };
		B4D49C342A2BF07E00536628 /* spline.entitlements */ = {isa = PBXFileReference; lastKnownFileType = text.plist.entitlements; path = spline.entitlements; sourceTree = "<group>"; };
		B4D49C362A2BF07E00536628 /* Preview Assets.xcassets */ = {isa = PBXFileReference; lastKnownFileType = folder.assetcatalog; path = "Preview Assets.xcassets"; sourceTree = "<group>"; };
		B4D49C492A2BF4C000536628 /* splineApp.swift */ = {isa = PBXFileReference; lastKnownFileType = sourcecode.swift; path = splineApp.swift; sourceTree = "<group>"; };
		B4D49C4C2A2BF52500536628 /* DataIn.swift */ = {isa = PBXFileReference; lastKnownFileType = sourcecode.swift; path = DataIn.swift; sourceTree = "<group>"; };
		B4D49C4D2A2BF52500536628 /* DataProvider.swift */ = {isa = PBXFileReference; lastKnownFileType = sourcecode.swift; path = DataProvider.swift; sourceTree = "<group>"; };
		B4D49C502A2BF52A00536628 /* Interpolate.swift */ = {isa = PBXFileReference; lastKnownFileType = sourcecode.swift; path = Interpolate.swift; sourceTree = "<group>"; };
		B4D49C512A2BF52A00536628 /* Calculator.swift */ = {isa = PBXFileReference; lastKnownFileType = sourcecode.swift; path = Calculator.swift; sourceTree = "<group>"; };
		B4D49C522A2BF52A00536628 /* Compairing.swift */ = {isa = PBXFileReference; lastKnownFileType = sourcecode.swift; path = Compairing.swift; sourceTree = "<group>"; };
		B4D49C562A2BF53000536628 /* data.json */ = {isa = PBXFileReference; lastKnownFileType = text.json; path = data.json; sourceTree = "<group>"; };
		B4D49C572A2BF53400536628 /* Utils.swift */ = {isa = PBXFileReference; lastKnownFileType = sourcecode.swift; path = Utils.swift; sourceTree = "<group>"; };
		B4D49C582A2BF53400536628 /* DecodableIgnore.swift */ = {isa = PBXFileReference; lastKnownFileType = sourcecode.swift; path = DecodableIgnore.swift; sourceTree = "<group>"; };
		B4D49C592A2BF53400536628 /* DecodableKey.swift */ = {isa = PBXFileReference; lastKnownFileType = sourcecode.swift; path = DecodableKey.swift; sourceTree = "<group>"; };
		B4D49C5D2A2BF54000536628 /* DataView.swift */ = {isa = PBXFileReference; lastKnownFileType = sourcecode.swift; path = DataView.swift; sourceTree = "<group>"; };
		B4D49C5E2A2BF54000536628 /* DataEditor.swift */ = {isa = PBXFileReference; lastKnownFileType = sourcecode.swift; path = DataEditor.swift; sourceTree = "<group>"; };
		B4D49C5F2A2BF54000536628 /* DynamicStack.swift */ = {isa = PBXFileReference; lastKnownFileType = sourcecode.swift; path = DynamicStack.swift; sourceTree = "<group>"; };
		B4D49C602A2BF54000536628 /* ChartView.swift */ = {isa = PBXFileReference; lastKnownFileType = sourcecode.swift; path = ChartView.swift; sourceTree = "<group>"; };
		B4D49C612A2BF54000536628 /* MoreInfoView.swift */ = {isa = PBXFileReference; lastKnownFileType = sourcecode.swift; path = MoreInfoView.swift; sourceTree = "<group>"; };
		B4D49C622A2BF54000536628 /* PairXYRow.swift */ = {isa = PBXFileReference; lastKnownFileType = sourcecode.swift; path = PairXYRow.swift; sourceTree = "<group>"; };
		B4D49C632A2BF54000536628 /* ContentView.swift */ = {isa = PBXFileReference; lastKnownFileType = sourcecode.swift; path = ContentView.swift; sourceTree = "<group>"; };
		B4D49C642A2BF54000536628 /* DataRow.swift */ = {isa = PBXFileReference; lastKnownFileType = sourcecode.swift; path = DataRow.swift; sourceTree = "<group>"; };
		B4D49C652A2BF54000536628 /* AboutApp.swift */ = {isa = PBXFileReference; lastKnownFileType = sourcecode.swift; path = AboutApp.swift; sourceTree = "<group>"; };
/* End PBXFileReference section */

/* Begin PBXFrameworksBuildPhase section */
		B4D49C282A2BF07D00536628 /* Frameworks */ = {
			isa = PBXFrameworksBuildPhase;
			buildActionMask = 2147483647;
			files = (
			);
			runOnlyForDeploymentPostprocessing = 0;
		};
/* End PBXFrameworksBuildPhase section */

/* Begin PBXGroup section */
		B4D49C222A2BF07D00536628 = {
			isa = PBXGroup;
			children = (
				B4073BF52AB4A66F00570F64 /* README.md */,
				B4D49C2D2A2BF07D00536628 /* spline */,
				B4D49C2C2A2BF07D00536628 /* Products */,
			);
			sourceTree = "<group>";
		};
		B4D49C2C2A2BF07D00536628 /* Products */ = {
			isa = PBXGroup;
			children = (
				B4D49C2B2A2BF07D00536628 /* spline.app */,
			);
			name = Products;
			sourceTree = "<group>";
		};
		B4D49C2D2A2BF07D00536628 /* spline */ = {
			isa = PBXGroup;
			children = (
				B4D49C322A2BF07E00536628 /* Assets.xcassets */,
				B4D49C342A2BF07E00536628 /* spline.entitlements */,
				B4D49C492A2BF4C000536628 /* splineApp.swift */,
				B4D49C4C2A2BF52500536628 /* DataIn.swift */,
				B4D49C4D2A2BF52500536628 /* DataProvider.swift */,
				B4D49C512A2BF52A00536628 /* Calculator.swift */,
				B4D49C522A2BF52A00536628 /* Compairing.swift */,
				B4D49C502A2BF52A00536628 /* Interpolate.swift */,
				B4D49C562A2BF53000536628 /* data.json */,
				B4D49C582A2BF53400536628 /* DecodableIgnore.swift */,
				B4D49C592A2BF53400536628 /* DecodableKey.swift */,
				B4D49C572A2BF53400536628 /* Utils.swift */,
				B4D49C652A2BF54000536628 /* AboutApp.swift */,
				B4D49C602A2BF54000536628 /* ChartView.swift */,
				B4D49C632A2BF54000536628 /* ContentView.swift */,
				B4D49C5E2A2BF54000536628 /* DataEditor.swift */,
				B4D49C642A2BF54000536628 /* DataRow.swift */,
				B4D49C5D2A2BF54000536628 /* DataView.swift */,
				B4D49C5F2A2BF54000536628 /* DynamicStack.swift */,
				B4D49C612A2BF54000536628 /* MoreInfoView.swift */,
				B4D49C622A2BF54000536628 /* PairXYRow.swift */,
				B4D49C352A2BF07E00536628 /* Preview Content */,
			);
			path = spline;
			sourceTree = "<group>";
		};
		B4D49C352A2BF07E00536628 /* Preview Content */ = {
			isa = PBXGroup;
			children = (
				B4D49C362A2BF07E00536628 /* Preview Assets.xcassets */,
			);
			path = "Preview Content";
			sourceTree = "<group>";
		};
/* End PBXGroup section */

/* Begin PBXNativeTarget section */
		B4D49C2A2A2BF07D00536628 /* spline */ = {
			isa = PBXNativeTarget;
			buildConfigurationList = B4D49C3A2A2BF07E00536628 /* Build configuration list for PBXNativeTarget "spline" */;
			buildPhases = (
				B4D49C272A2BF07D00536628 /* Sources */,
				B4D49C282A2BF07D00536628 /* Frameworks */,
				B4D49C292A2BF07D00536628 /* Resources */,
			);
			buildRules = (
			);
			dependencies = (
			);
			name = spline;
			productName = spline;
			productReference = B4D49C2B2A2BF07D00536628 /* spline.app */;
			productType = "com.apple.product-type.application";
		};
/* End PBXNativeTarget section */

/* Begin PBXProject section */
		B4D49C232A2BF07D00536628 /* Project object */ = {
			isa = PBXProject;
			attributes = {
				BuildIndependentTargetsInParallel = 1;
				LastSwiftUpdateCheck = 1430;
				LastUpgradeCheck = 1430;
				TargetAttributes = {
					B4D49C2A2A2BF07D00536628 = {
						CreatedOnToolsVersion = 14.3;
					};
				};
			};
			buildConfigurationList = B4D49C262A2BF07D00536628 /* Build configuration list for PBXProject "spline" */;
			compatibilityVersion = "Xcode 14.0";
			developmentRegion = en;
			hasScannedForEncodings = 0;
			knownRegions = (
				en,
				Base,
			);
			mainGroup = B4D49C222A2BF07D00536628;
			productRefGroup = B4D49C2C2A2BF07D00536628 /* Products */;
			projectDirPath = "";
			projectRoot = "";
			targets = (
				B4D49C2A2A2BF07D00536628 /* spline */,
			);
		};
/* End PBXProject section */

/* Begin PBXResourcesBuildPhase section */
		B4D49C292A2BF07D00536628 /* Resources */ = {
			isa = PBXResourcesBuildPhase;
			buildActionMask = 2147483647;
			files = (
				B4D49C372A2BF07E00536628 /* Preview Assets.xcassets in Resources */,
				B4D49C332A2BF07E00536628 /* Assets.xcassets in Resources */,
			);
			runOnlyForDeploymentPostprocessing = 0;
		};
/* End PBXResourcesBuildPhase section */

/* Begin PBXSourcesBuildPhase section */
		B4D49C272A2BF07D00536628 /* Sources */ = {
			isa = PBXSourcesBuildPhase;
			buildActionMask = 2147483647;
			files = (
				B4D49C5C2A2BF53400536628 /* DecodableIgnore.swift in Sources */,
				B4D49C672A2BF54000536628 /* DataEditor.swift in Sources */,
				B4D49C6B2A2BF54000536628 /* DynamicStack.swift in Sources */,
				B4D49C532A2BF52A00536628 /* Compairing.swift in Sources */,
				B4D49C6D2A2BF54000536628 /* AboutApp.swift in Sources */,
				B4D49C6A2A2BF54000536628 /* ChartView.swift in Sources */,
				B4D49C662A2BF54000536628 /* DataView.swift in Sources */,
				B4D49C5A2A2BF53400536628 /* DecodableKey.swift in Sources */,
				B4D49C4F2A2BF52500536628 /* DataProvider.swift in Sources */,
				B4D49C4E2A2BF52500536628 /* DataIn.swift in Sources */,
				B4D49C682A2BF54000536628 /* PairXYRow.swift in Sources */,
				B4D49C6C2A2BF54000536628 /* DataRow.swift in Sources */,
				B4D49C552A2BF52A00536628 /* Interpolate.swift in Sources */,
				B4D49C6E2A2BF54000536628 /* MoreInfoView.swift in Sources */,
				B4D49C542A2BF52A00536628 /* Calculator.swift in Sources */,
				B4D49C692A2BF54000536628 /* ContentView.swift in Sources */,
				B4D49C4A2A2BF4C000536628 /* splineApp.swift in Sources */,
				B4D49C5B2A2BF53400536628 /* Utils.swift in Sources */,
			);
			runOnlyForDeploymentPostprocessing = 0;
		};
/* End PBXSourcesBuildPhase section */

/* Begin XCBuildConfiguration section */
		B4D49C382A2BF07E00536628 /* Debug */ = {
			isa = XCBuildConfiguration;
			buildSettings = {
				ALWAYS_SEARCH_USER_PATHS = NO;
				CLANG_ANALYZER_NONNULL = YES;
				CLANG_ANALYZER_NUMBER_OBJECT_CONVERSION = YES_AGGRESSIVE;
				CLANG_CXX_LANGUAGE_STANDARD = "gnu++20";
				CLANG_ENABLE_MODULES = YES;
				CLANG_ENABLE_OBJC_ARC = YES;
				CLANG_ENABLE_OBJC_WEAK = YES;
				CLANG_WARN_BLOCK_CAPTURE_AUTORELEASING = YES;
				CLANG_WARN_BOOL_CONVERSION = YES;
				CLANG_WARN_COMMA = YES;
				CLANG_WARN_CONSTANT_CONVERSION = YES;
				CLANG_WARN_DEPRECATED_OBJC_IMPLEMENTATIONS = YES;
				CLANG_WARN_DIRECT_OBJC_ISA_USAGE = YES_ERROR;
				CLANG_WARN_DOCUMENTATION_COMMENTS = YES;
				CLANG_WARN_EMPTY_BODY = YES;
				CLANG_WARN_ENUM_CONVERSION = YES;
				CLANG_WARN_INFINITE_RECURSION = YES;
				CLANG_WARN_INT_CONVERSION = YES;
				CLANG_WARN_NON_LITERAL_NULL_CONVERSION = YES;
				CLANG_WARN_OBJC_IMPLICIT_RETAIN_SELF = YES;
				CLANG_WARN_OBJC_LITERAL_CONVERSION = YES;
				CLANG_WARN_OBJC_ROOT_CLASS = YES_ERROR;
				CLANG_WARN_QUOTED_INCLUDE_IN_FRAMEWORK_HEADER = YES;
				CLANG_WARN_RANGE_LOOP_ANALYSIS = YES;
				CLANG_WARN_STRICT_PROTOTYPES = YES;
				CLANG_WARN_SUSPICIOUS_MOVE = YES;
				CLANG_WARN_UNGUARDED_AVAILABILITY = YES_AGGRESSIVE;
				CLANG_WARN_UNREACHABLE_CODE = YES;
				CLANG_WARN__DUPLICATE_METHOD_MATCH = YES;
				COPY_PHASE_STRIP = NO;
				DEBUG_INFORMATION_FORMAT = dwarf;
				ENABLE_STRICT_OBJC_MSGSEND = YES;
				ENABLE_TESTABILITY = YES;
				GCC_C_LANGUAGE_STANDARD = gnu11;
				GCC_DYNAMIC_NO_PIC = NO;
				GCC_NO_COMMON_BLOCKS = YES;
				GCC_OPTIMIZATION_LEVEL = 0;
				GCC_PREPROCESSOR_DEFINITIONS = (
					"DEBUG=1",
					"$(inherited)",
				);
				GCC_WARN_64_TO_32_BIT_CONVERSION = YES;
				GCC_WARN_ABOUT_RETURN_TYPE = YES_ERROR;
				GCC_WARN_UNDECLARED_SELECTOR = YES;
				GCC_WARN_UNINITIALIZED_AUTOS = YES_AGGRESSIVE;
				GCC_WARN_UNUSED_FUNCTION = YES;
				GCC_WARN_UNUSED_VARIABLE = YES;
				MTL_ENABLE_DEBUG_INFO = INCLUDE_SOURCE;
				MTL_FAST_MATH = YES;
				ONLY_ACTIVE_ARCH = YES;
				SWIFT_ACTIVE_COMPILATION_CONDITIONS = DEBUG;
				SWIFT_OPTIMIZATION_LEVEL = "-Onone";
			};
			name = Debug;
		};
		B4D49C392A2BF07E00536628 /* Release */ = {
			isa = XCBuildConfiguration;
			buildSettings = {
				ALWAYS_SEARCH_USER_PATHS = NO;
				CLANG_ANALYZER_NONNULL = YES;
				CLANG_ANALYZER_NUMBER_OBJECT_CONVERSION = YES_AGGRESSIVE;
				CLANG_CXX_LANGUAGE_STANDARD = "gnu++20";
				CLANG_ENABLE_MODULES = YES;
				CLANG_ENABLE_OBJC_ARC = YES;
				CLANG_ENABLE_OBJC_WEAK = YES;
				CLANG_WARN_BLOCK_CAPTURE_AUTORELEASING = YES;
				CLANG_WARN_BOOL_CONVERSION = YES;
				CLANG_WARN_COMMA = YES;
				CLANG_WARN_CONSTANT_CONVERSION = YES;
				CLANG_WARN_DEPRECATED_OBJC_IMPLEMENTATIONS = YES;
				CLANG_WARN_DIRECT_OBJC_ISA_USAGE = YES_ERROR;
				CLANG_WARN_DOCUMENTATION_COMMENTS = YES;
				CLANG_WARN_EMPTY_BODY = YES;
				CLANG_WARN_ENUM_CONVERSION = YES;
				CLANG_WARN_INFINITE_RECURSION = YES;
				CLANG_WARN_INT_CONVERSION = YES;
				CLANG_WARN_NON_LITERAL_NULL_CONVERSION = YES;
				CLANG_WARN_OBJC_IMPLICIT_RETAIN_SELF = YES;
				CLANG_WARN_OBJC_LITERAL_CONVERSION = YES;
				CLANG_WARN_OBJC_ROOT_CLASS = YES_ERROR;
				CLANG_WARN_QUOTED_INCLUDE_IN_FRAMEWORK_HEADER = YES;
				CLANG_WARN_RANGE_LOOP_ANALYSIS = YES;
				CLANG_WARN_STRICT_PROTOTYPES = YES;
				CLANG_WARN_SUSPICIOUS_MOVE = YES;
				CLANG_WARN_UNGUARDED_AVAILABILITY = YES_AGGRESSIVE;
				CLANG_WARN_UNREACHABLE_CODE = YES;
				CLANG_WARN__DUPLICATE_METHOD_MATCH = YES;
				COPY_PHASE_STRIP = NO;
				DEBUG_INFORMATION_FORMAT = "dwarf-with-dsym";
				ENABLE_NS_ASSERTIONS = NO;
				ENABLE_STRICT_OBJC_MSGSEND = YES;
				GCC_C_LANGUAGE_STANDARD = gnu11;
				GCC_NO_COMMON_BLOCKS = YES;
				GCC_WARN_64_TO_32_BIT_CONVERSION = YES;
				GCC_WARN_ABOUT_RETURN_TYPE = YES_ERROR;
				GCC_WARN_UNDECLARED_SELECTOR = YES;
				GCC_WARN_UNINITIALIZED_AUTOS = YES_AGGRESSIVE;
				GCC_WARN_UNUSED_FUNCTION = YES;
				GCC_WARN_UNUSED_VARIABLE = YES;
				MTL_ENABLE_DEBUG_INFO = NO;
				MTL_FAST_MATH = YES;
				SWIFT_COMPILATION_MODE = wholemodule;
				SWIFT_OPTIMIZATION_LEVEL = "-O";
			};
			name = Release;
		};
		B4D49C3B2A2BF07E00536628 /* Debug */ = {
			isa = XCBuildConfiguration;
			buildSettings = {
				ASSETCATALOG_COMPILER_APPICON_NAME = AppIcon;
				ASSETCATALOG_COMPILER_GLOBAL_ACCENT_COLOR_NAME = AccentColor;
				CODE_SIGN_ENTITLEMENTS = spline/spline.entitlements;
				CODE_SIGN_STYLE = Automatic;
				CURRENT_PROJECT_VERSION = 1;
				DEVELOPMENT_ASSET_PATHS = "\"spline/Preview Content\"";
				DEVELOPMENT_TEAM = XWPV5Z8W79;
				ENABLE_HARDENED_RUNTIME = YES;
				ENABLE_PREVIEWS = YES;
				GENERATE_INFOPLIST_FILE = YES;
				"INFOPLIST_KEY_UIApplicationSceneManifest_Generation[sdk=iphoneos*]" = YES;
				"INFOPLIST_KEY_UIApplicationSceneManifest_Generation[sdk=iphonesimulator*]" = YES;
				"INFOPLIST_KEY_UIApplicationSupportsIndirectInputEvents[sdk=iphoneos*]" = YES;
				"INFOPLIST_KEY_UIApplicationSupportsIndirectInputEvents[sdk=iphonesimulator*]" = YES;
				"INFOPLIST_KEY_UILaunchScreen_Generation[sdk=iphoneos*]" = YES;
				"INFOPLIST_KEY_UILaunchScreen_Generation[sdk=iphonesimulator*]" = YES;
				"INFOPLIST_KEY_UIStatusBarStyle[sdk=iphoneos*]" = UIStatusBarStyleDefault;
				"INFOPLIST_KEY_UIStatusBarStyle[sdk=iphonesimulator*]" = UIStatusBarStyleDefault;
				INFOPLIST_KEY_UISupportedInterfaceOrientations_iPad = "UIInterfaceOrientationPortrait UIInterfaceOrientationPortraitUpsideDown UIInterfaceOrientationLandscapeLeft UIInterfaceOrientationLandscapeRight";
				INFOPLIST_KEY_UISupportedInterfaceOrientations_iPhone = "UIInterfaceOrientationPortrait UIInterfaceOrientationLandscapeLeft UIInterfaceOrientationLandscapeRight";
				IPHONEOS_DEPLOYMENT_TARGET = 16.4;
				LD_RUNPATH_SEARCH_PATHS = "@executable_path/Frameworks";
				"LD_RUNPATH_SEARCH_PATHS[sdk=macosx*]" = "@executable_path/../Frameworks";
				MACOSX_DEPLOYMENT_TARGET = 13.3;
				MARKETING_VERSION = 1.0;
				PRODUCT_BUNDLE_IDENTIFIER = com.andr.zahar2.spline;
				PRODUCT_NAME = "$(TARGET_NAME)";
				SDKROOT = auto;
				SUPPORTED_PLATFORMS = "iphoneos iphonesimulator";
				SUPPORTS_MACCATALYST = YES;
				SUPPORTS_MAC_DESIGNED_FOR_IPHONE_IPAD = NO;
				SWIFT_EMIT_LOC_STRINGS = YES;
				SWIFT_VERSION = 5.0;
				TARGETED_DEVICE_FAMILY = "1,2";
			};
			name = Debug;
		};
		B4D49C3C2A2BF07E00536628 /* Release */ = {
			isa = XCBuildConfiguration;
			buildSettings = {
				ASSETCATALOG_COMPILER_APPICON_NAME = AppIcon;
				ASSETCATALOG_COMPILER_GLOBAL_ACCENT_COLOR_NAME = AccentColor;
				CODE_SIGN_ENTITLEMENTS = spline/spline.entitlements;
				CODE_SIGN_STYLE = Automatic;
				CURRENT_PROJECT_VERSION = 1;
				DEVELOPMENT_ASSET_PATHS = "\"spline/Preview Content\"";
				DEVELOPMENT_TEAM = XWPV5Z8W79;
				ENABLE_HARDENED_RUNTIME = YES;
				ENABLE_PREVIEWS = YES;
				GENERATE_INFOPLIST_FILE = YES;
				"INFOPLIST_KEY_UIApplicationSceneManifest_Generation[sdk=iphoneos*]" = YES;
				"INFOPLIST_KEY_UIApplicationSceneManifest_Generation[sdk=iphonesimulator*]" = YES;
				"INFOPLIST_KEY_UIApplicationSupportsIndirectInputEvents[sdk=iphoneos*]" = YES;
				"INFOPLIST_KEY_UIApplicationSupportsIndirectInputEvents[sdk=iphonesimulator*]" = YES;
				"INFOPLIST_KEY_UILaunchScreen_Generation[sdk=iphoneos*]" = YES;
				"INFOPLIST_KEY_UILaunchScreen_Generation[sdk=iphonesimulator*]" = YES;
				"INFOPLIST_KEY_UIStatusBarStyle[sdk=iphoneos*]" = UIStatusBarStyleDefault;
				"INFOPLIST_KEY_UIStatusBarStyle[sdk=iphonesimulator*]" = UIStatusBarStyleDefault;
				INFOPLIST_KEY_UISupportedInterfaceOrientations_iPad = "UIInterfaceOrientationPortrait UIInterfaceOrientationPortraitUpsideDown UIInterfaceOrientationLandscapeLeft UIInterfaceOrientationLandscapeRight";
				INFOPLIST_KEY_UISupportedInterfaceOrientations_iPhone = "UIInterfaceOrientationPortrait UIInterfaceOrientationLandscapeLeft UIInterfaceOrientationLandscapeRight";
				IPHONEOS_DEPLOYMENT_TARGET = 16.4;
				LD_RUNPATH_SEARCH_PATHS = "@executable_path/Frameworks";
				"LD_RUNPATH_SEARCH_PATHS[sdk=macosx*]" = "@executable_path/../Frameworks";
				MACOSX_DEPLOYMENT_TARGET = 13.3;
				MARKETING_VERSION = 1.0;
				PRODUCT_BUNDLE_IDENTIFIER = com.andr.zahar2.spline;
				PRODUCT_NAME = "$(TARGET_NAME)";
				SDKROOT = auto;
				SUPPORTED_PLATFORMS = "iphoneos iphonesimulator";
				SUPPORTS_MACCATALYST = YES;
				SUPPORTS_MAC_DESIGNED_FOR_IPHONE_IPAD = NO;
				SWIFT_EMIT_LOC_STRINGS = YES;
				SWIFT_VERSION = 5.0;
				TARGETED_DEVICE_FAMILY = "1,2";
			};
			name = Release;
		};
/* End XCBuildConfiguration section */

/* Begin XCConfigurationList section */
		B4D49C262A2BF07D00536628 /* Build configuration list for PBXProject "spline" */ = {
			isa = XCConfigurationList;
			buildConfigurations = (
				B4D49C382A2BF07E00536628 /* Debug */,
				B4D49C392A2BF07E00536628 /* Release */,
			);
			defaultConfigurationIsVisible = 0;
			defaultConfigurationName = Release;
		};
		B4D49C3A2A2BF07E00536628 /* Build configuration list for PBXNativeTarget "spline" */ = {
			isa = XCConfigurationList;
			buildConfigurations = (
				B4D49C3B2A2BF07E00536628 /* Debug */,
				B4D49C3C2A2BF07E00536628 /* Release */,
			);
			defaultConfigurationIsVisible = 0;
			defaultConfigurationName = Release;
		};
/* End XCConfigurationList section */
	};
	rootObject = B4D49C232A2BF07D00536628 /* Project object */;
}
